// !$*UTF8*$!
{
	archiveVersion = 1;
	classes = {
	};
	objectVersion = 46;
	objects = {

/* Begin PBXBuildFile section */
		A9C284841F1681F30029B3FB /* AppDelegate.swift in Sources */ = {isa = PBXBuildFile; fileRef = A9C284831F1681F30029B3FB /* AppDelegate.swift */; };
		A9C284861F1681F30029B3FB /* ViewController.swift in Sources */ = {isa = PBXBuildFile; fileRef = A9C284851F1681F30029B3FB /* ViewController.swift */; };
		A9C284891F1681F30029B3FB /* Main.storyboard in Resources */ = {isa = PBXBuildFile; fileRef = A9C284871F1681F30029B3FB /* Main.storyboard */; };
		A9C2848B1F1681F30029B3FB /* Assets.xcassets in Resources */ = {isa = PBXBuildFile; fileRef = A9C2848A1F1681F30029B3FB /* Assets.xcassets */; };
		A9C2848E1F1681F30029B3FB /* LaunchScreen.storyboard in Resources */ = {isa = PBXBuildFile; fileRef = A9C2848C1F1681F30029B3FB /* LaunchScreen.storyboard */; };
		A9C284961F1686FE0029B3FB /* LandscapeViewController.swift in Sources */ = {isa = PBXBuildFile; fileRef = A9C284951F1686FE0029B3FB /* LandscapeViewController.swift */; };
		A9C284981F1687110029B3FB /* PortraitViewController.swift in Sources */ = {isa = PBXBuildFile; fileRef = A9C284971F1687110029B3FB /* PortraitViewController.swift */; };
		A9C2849A1F168F3F0029B3FB /* MyUtils.swift in Sources */ = {isa = PBXBuildFile; fileRef = A9C284991F168F3F0029B3FB /* MyUtils.swift */; };
/* End PBXBuildFile section */

/* Begin PBXFileReference section */
		A9C284801F1681F30029B3FB /* Orientation Lock Demo.app */ = {isa = PBXFileReference; explicitFileType = wrapper.application; includeInIndex = 0; path = "Orientation Lock Demo.app"; sourceTree = BUILT_PRODUCTS_DIR; };
		A9C284831F1681F30029B3FB /* AppDelegate.swift */ = {isa = PBXFileReference; lastKnownFileType = sourcecode.swift; path = AppDelegate.swift; sourceTree = "<group>"; };
		A9C284851F1681F30029B3FB /* ViewController.swift */ = {isa = PBXFileReference; lastKnownFileType = sourcecode.swift; path = ViewController.swift; sourceTree = "<group>"; };
		A9C284881F1681F30029B3FB /* Base */ = {isa = PBXFileReference; lastKnownFileType = file.storyboard; name = Base; path = Base.lproj/Main.storyboard; sourceTree = "<group>"; };
		A9C2848A1F1681F30029B3FB /* Assets.xcassets */ = {isa = PBXFileReference; lastKnownFileType = folder.assetcatalog; path = Assets.xcassets; sourceTree = "<group>"; };
		A9C2848D1F1681F30029B3FB /* Base */ = {isa = PBXFileReference; lastKnownFileType = file.storyboard; name = Base; path = Base.lproj/LaunchScreen.storyboard; sourceTree = "<group>"; };
		A9C2848F1F1681F30029B3FB /* Info.plist */ = {isa = PBXFileReference; lastKnownFileType = text.plist.xml; path = Info.plist; sourceTree = "<group>"; };
		A9C284951F1686FE0029B3FB /* LandscapeViewController.swift */ = {isa = PBXFileReference; fileEncoding = 4; lastKnownFileType = sourcecode.swift; path = LandscapeViewController.swift; sourceTree = "<group>"; };
		A9C284971F1687110029B3FB /* PortraitViewController.swift */ = {isa = PBXFileReference; fileEncoding = 4; lastKnownFileType = sourcecode.swift; path = PortraitViewController.swift; sourceTree = "<group>"; };
		A9C284991F168F3F0029B3FB /* MyUtils.swift */ = {isa = PBXFileReference; fileEncoding = 4; lastKnownFileType = sourcecode.swift; path = MyUtils.swift; sourceTree = "<group>"; };
/* End PBXFileReference section */

/* Begin PBXFrameworksBuildPhase section */
		A9C2847D1F1681F30029B3FB /* Frameworks */ = {
			isa = PBXFrameworksBuildPhase;
			buildActionMask = 2147483647;
			files = (
			);
			runOnlyForDeploymentPostprocessing = 0;
		};
/* End PBXFrameworksBuildPhase section */

/* Begin PBXGroup section */
		A9C284771F1681F30029B3FB = {
			isa = PBXGroup;
			children = (
				A9C284821F1681F30029B3FB /* Orientation Lock Demo */,
				A9C284811F1681F30029B3FB /* Products */,
			);
			sourceTree = "<group>";
		};
		A9C284811F1681F30029B3FB /* Products */ = {
			isa = PBXGroup;
			children = (
				A9C284801F1681F30029B3FB /* Orientation Lock Demo.app */,
			);
			name = Products;
			sourceTree = "<group>";
		};
		A9C284821F1681F30029B3FB /* Orientation Lock Demo */ = {
			isa = PBXGroup;
			children = (
				A9C284831F1681F30029B3FB /* AppDelegate.swift */,
				A9C284851F1681F30029B3FB /* ViewController.swift */,
				A9C284871F1681F30029B3FB /* Main.storyboard */,
				A9C2848A1F1681F30029B3FB /* Assets.xcassets */,
				A9C2848C1F1681F30029B3FB /* LaunchScreen.storyboard */,
				A9C2848F1F1681F30029B3FB /* Info.plist */,
				A9C284951F1686FE0029B3FB /* LandscapeViewController.swift */,
				A9C284971F1687110029B3FB /* PortraitViewController.swift */,
				A9C284991F168F3F0029B3FB /* MyUtils.swift */,
			);
			path = "Orientation Lock Demo";
			sourceTree = "<group>";
		};
/* End PBXGroup section */

/* Begin PBXNativeTarget section */
		A9C2847F1F1681F30029B3FB /* Orientation Lock Demo */ = {
			isa = PBXNativeTarget;
			buildConfigurationList = A9C284921F1681F30029B3FB /* Build configuration list for PBXNativeTarget "Orientation Lock Demo" */;
			buildPhases = (
				A9C2847C1F1681F30029B3FB /* Sources */,
				A9C2847D1F1681F30029B3FB /* Frameworks */,
				A9C2847E1F1681F30029B3FB /* Resources */,
			);
			buildRules = (
			);
			dependencies = (
			);
			name = "Orientation Lock Demo";
			productName = "Orientation Lock Demo";
			productReference = A9C284801F1681F30029B3FB /* Orientation Lock Demo.app */;
			productType = "com.apple.product-type.application";
		};
/* End PBXNativeTarget section */

/* Begin PBXProject section */
		A9C284781F1681F30029B3FB /* Project object */ = {
			isa = PBXProject;
			attributes = {
				LastSwiftUpdateCheck = 0830;
				LastUpgradeCheck = 0830;
				ORGANIZATIONNAME = HSoft;
				TargetAttributes = {
					A9C2847F1F1681F30029B3FB = {
						CreatedOnToolsVersion = 8.3.3;
						DevelopmentTeam = VPJJQVPPXZ;
						ProvisioningStyle = Automatic;
					};
				};
			};
			buildConfigurationList = A9C2847B1F1681F30029B3FB /* Build configuration list for PBXProject "Orientation Lock Demo" */;
			compatibilityVersion = "Xcode 3.2";
			developmentRegion = English;
			hasScannedForEncodings = 0;
			knownRegions = (
				en,
				Base,
			);
			mainGroup = A9C284771F1681F30029B3FB;
			productRefGroup = A9C284811F1681F30029B3FB /* Products */;
			projectDirPath = "";
			projectRoot = "";
			targets = (
				A9C2847F1F1681F30029B3FB /* Orientation Lock Demo */,
			);
		};
/* End PBXProject section */

/* Begin PBXResourcesBuildPhase section */
		A9C2847E1F1681F30029B3FB /* Resources */ = {
			isa = PBXResourcesBuildPhase;
			buildActionMask = 2147483647;
			files = (
				A9C2848E1F1681F30029B3FB /* LaunchScreen.storyboard in Resources */,
				A9C2848B1F1681F30029B3FB /* Assets.xcassets in Resources */,
				A9C284891F1681F30029B3FB /* Main.storyboard in Resources */,
			);
			runOnlyForDeploymentPostprocessing = 0;
		};
/* End PBXResourcesBuildPhase section */

/* Begin PBXSourcesBuildPhase section */
		A9C2847C1F1681F30029B3FB /* Sources */ = {
			isa = PBXSourcesBuildPhase;
			buildActionMask = 2147483647;
			files = (
				A9C284861F1681F30029B3FB /* ViewController.swift in Sources */,
				A9C2849A1F168F3F0029B3FB /* MyUtils.swift in Sources */,
				A9C284961F1686FE0029B3FB /* LandscapeViewController.swift in Sources */,
				A9C284841F1681F30029B3FB /* AppDelegate.swift in Sources */,
				A9C284981F1687110029B3FB /* PortraitViewController.swift in Sources */,
			);
			runOnlyForDeploymentPostprocessing = 0;
		};
/* End PBXSourcesBuildPhase section */

/* Begin PBXVariantGroup section */
		A9C284871F1681F30029B3FB /* Main.storyboard */ = {
			isa = PBXVariantGroup;
			children = (
				A9C284881F1681F30029B3FB /* Base */,
			);
			name = Main.storyboard;
			sourceTree = "<group>";
		};
		A9C2848C1F1681F30029B3FB /* LaunchScreen.storyboard */ = {
			isa = PBXVariantGroup;
			children = (
				A9C2848D1F1681F30029B3FB /* Base */,
			);
			name = LaunchScreen.storyboard;
			sourceTree = "<group>";
		};
/* End PBXVariantGroup section */

/* Begin XCBuildConfiguration section */
		A9C284901F1681F30029B3FB /* Debug */ = {
			isa = XCBuildConfiguration;
			buildSettings = {
				ALWAYS_SEARCH_USER_PATHS = NO;
				CLANG_ANALYZER_NONNULL = YES;
				CLANG_ANALYZER_NUMBER_OBJECT_CONVERSION = YES_AGGRESSIVE;
				CLANG_CXX_LANGUAGE_STANDARD = "gnu++0x";
				CLANG_CXX_LIBRARY = "libc++";
				CLANG_ENABLE_MODULES = YES;
				CLANG_ENABLE_OBJC_ARC = YES;
				CLANG_WARN_BOOL_CONVERSION = YES;
				CLANG_WARN_CONSTANT_CONVERSION = YES;
				CLANG_WARN_DIRECT_OBJC_ISA_USAGE = YES_ERROR;
				CLANG_WARN_DOCUMENTATION_COMMENTS = YES;
				CLANG_WARN_EMPTY_BODY = YES;
				CLANG_WARN_ENUM_CONVERSION = YES;
				CLANG_WARN_INFINITE_RECURSION = YES;
				CLANG_WARN_INT_CONVERSION = YES;
				CLANG_WARN_OBJC_ROOT_CLASS = YES_ERROR;
				CLANG_WARN_SUSPICIOUS_MOVE = YES;
				CLANG_WARN_UNREACHABLE_CODE = YES;
				CLANG_WARN__DUPLICATE_METHOD_MATCH = YES;
				"CODE_SIGN_IDENTITY[sdk=iphoneos*]" = "iPhone Developer";
				COPY_PHASE_STRIP = NO;
				DEBUG_INFORMATION_FORMAT = dwarf;
				ENABLE_STRICT_OBJC_MSGSEND = YES;
				ENABLE_TESTABILITY = YES;
				GCC_C_LANGUAGE_STANDARD = gnu99;
				GCC_DYNAMIC_NO_PIC = NO;
				GCC_NO_COMMON_BLOCKS = YES;
				GCC_OPTIMIZATION_LEVEL = 0;
				GCC_PREPROCESSOR_DEFINITIONS = (
					"DEBUG=1",
					"$(inherited)",
				);
				GCC_WARN_64_TO_32_BIT_CONVERSION = YES;
				GCC_WARN_ABOUT_RETURN_TYPE = YES_ERROR;
				GCC_WARN_UNDECLARED_SELECTOR = YES;
				GCC_WARN_UNINITIALIZED_AUTOS = YES_AGGRESSIVE;
				GCC_WARN_UNUSED_FUNCTION = YES;
				GCC_WARN_UNUSED_VARIABLE = YES;
				IPHONEOS_DEPLOYMENT_TARGET = 10.3;
				MTL_ENABLE_DEBUG_INFO = YES;
				ONLY_ACTIVE_ARCH = YES;
				SDKROOT = iphoneos;
				SWIFT_ACTIVE_COMPILATION_CONDITIONS = DEBUG;
				SWIFT_OPTIMIZATION_LEVEL = "-Onone";
				TARGETED_DEVICE_FAMILY = "1,2";
			};
			name = Debug;
		};
		A9C284911F1681F30029B3FB /* Release */ = {
			isa = XCBuildConfiguration;
			buildSettings = {
				ALWAYS_SEARCH_USER_PATHS = NO;
				CLANG_ANALYZER_NONNULL = YES;
				CLANG_ANALYZER_NUMBER_OBJECT_CONVERSION = YES_AGGRESSIVE;
				CLANG_CXX_LANGUAGE_STANDARD = "gnu++0x";
				CLANG_CXX_LIBRARY = "libc++";
				CLANG_ENABLE_MODULES = YES;
				CLANG_ENABLE_OBJC_ARC = YES;
				CLANG_WARN_BOOL_CONVERSION = YES;
				CLANG_WARN_CONSTANT_CONVERSION = YES;
				CLANG_WARN_DIRECT_OBJC_ISA_USAGE = YES_ERROR;
				CLANG_WARN_DOCUMENTATION_COMMENTS = YES;
				CLANG_WARN_EMPTY_BODY = YES;
				CLANG_WARN_ENUM_CONVERSION = YES;
				CLANG_WARN_INFINITE_RECURSION = YES;
				CLANG_WARN_INT_CONVERSION = YES;
				CLANG_WARN_OBJC_ROOT_CLASS = YES_ERROR;
				CLANG_WARN_SUSPICIOUS_MOVE = YES;
				CLANG_WARN_UNREACHABLE_CODE = YES;
				CLANG_WARN__DUPLICATE_METHOD_MATCH = YES;
				"CODE_SIGN_IDENTITY[sdk=iphoneos*]" = "iPhone Developer";
				COPY_PHASE_STRIP = NO;
				DEBUG_INFORMATION_FORMAT = "dwarf-with-dsym";
				ENABLE_NS_ASSERTIONS = NO;
				ENABLE_STRICT_OBJC_MSGSEND = YES;
				GCC_C_LANGUAGE_STANDARD = gnu99;
				GCC_NO_COMMON_BLOCKS = YES;
				GCC_WARN_64_TO_32_BIT_CONVERSION = YES;
				GCC_WARN_ABOUT_RETURN_TYPE = YES_ERROR;
				GCC_WARN_UNDECLARED_SELECTOR = YES;
				GCC_WARN_UNINITIALIZED_AUTOS = YES_AGGRESSIVE;
				GCC_WARN_UNUSED_FUNCTION = YES;
				GCC_WARN_UNUSED_VARIABLE = YES;
				IPHONEOS_DEPLOYMENT_TARGET = 10.3;
				MTL_ENABLE_DEBUG_INFO = NO;
				SDKROOT = iphoneos;
				SWIFT_OPTIMIZATION_LEVEL = "-Owholemodule";
				TARGETED_DEVICE_FAMILY = "1,2";
				VALIDATE_PRODUCT = YES;
			};
			name = Release;
		};
		A9C284931F1681F30029B3FB /* Debug */ = {
			isa = XCBuildConfiguration;
			buildSettings = {
				ASSETCATALOG_COMPILER_APPICON_NAME = AppIcon;
				DEVELOPMENT_TEAM = VPJJQVPPXZ;
				INFOPLIST_FILE = "Orientation Lock Demo/Info.plist";
				IPHONEOS_DEPLOYMENT_TARGET = 9.3;
				LD_RUNPATH_SEARCH_PATHS = "$(inherited) @executable_path/Frameworks";
				PRODUCT_BUNDLE_IDENTIFIER = "com.hsoft.Orientation-Lock-Demo";
				PRODUCT_NAME = "$(TARGET_NAME)";
				SWIFT_VERSION = 3.0;
			};
			name = Debug;
		};
		A9C284941F1681F30029B3FB /* Release */ = {
			isa = XCBuildConfiguration;
			buildSettings = {
				ASSETCATALOG_COMPILER_APPICON_NAME = AppIcon;
				DEVELOPMENT_TEAM = VPJJQVPPXZ;
				INFOPLIST_FILE = "Orientation Lock Demo/Info.plist";
				IPHONEOS_DEPLOYMENT_TARGET = 9.3;
				LD_RUNPATH_SEARCH_PATHS = "$(inherited) @executable_path/Frameworks";
				PRODUCT_BUNDLE_IDENTIFIER = "com.hsoft.Orientation-Lock-Demo";
				PRODUCT_NAME = "$(TARGET_NAME)";
				SWIFT_VERSION = 3.0;
			};
			name = Release;
		};
/* End XCBuildConfiguration section */

/* Begin XCConfigurationList section */
		A9C2847B1F1681F30029B3FB /* Build configuration list for PBXProject "Orientation Lock Demo" */ = {
			isa = XCConfigurationList;
			buildConfigurations = (
				A9C284901F1681F30029B3FB /* Debug */,
				A9C284911F1681F30029B3FB /* Release */,
			);
			defaultConfigurationIsVisible = 0;
			defaultConfigurationName = Release;
		};
		A9C284921F1681F30029B3FB /* Build configuration list for PBXNativeTarget "Orientation Lock Demo" */ = {
			isa = XCConfigurationList;
			buildConfigurations = (
				A9C284931F1681F30029B3FB /* Debug */,
				A9C284941F1681F30029B3FB /* Release */,
			);
			defaultConfigurationIsVisible = 0;
		};
/* End XCConfigurationList section */
	};
	rootObject = A9C284781F1681F30029B3FB /* Project object */;
}
